// !$*UTF8*$!
{
	archiveVersion = 1;
	classes = {
	};
	objectVersion = 56;
	objects = {

/* Begin PBXBuildFile section */
		217DE7502A579FA200A32F9B /* StickerAddView.swift in Sources */ = {isa = PBXBuildFile; fileRef = 217DE74F2A579FA200A32F9B /* StickerAddView.swift */; };
		21BDE2B32A5790250099EEB9 /* StickersApp.swift in Sources */ = {isa = PBXBuildFile; fileRef = 21BDE2B22A5790250099EEB9 /* StickersApp.swift */; };
		21BDE2B52A5790250099EEB9 /* ContentView.swift in Sources */ = {isa = PBXBuildFile; fileRef = 21BDE2B42A5790250099EEB9 /* ContentView.swift */; };
		21BDE2B72A5790260099EEB9 /* Assets.xcassets in Resources */ = {isa = PBXBuildFile; fileRef = 21BDE2B62A5790260099EEB9 /* Assets.xcassets */; };
		21BDE2BA2A5790260099EEB9 /* Preview Assets.xcassets in Resources */ = {isa = PBXBuildFile; fileRef = 21BDE2B92A5790260099EEB9 /* Preview Assets.xcassets */; };
		21BDE2C12A5790590099EEB9 /* StickerListView.swift in Sources */ = {isa = PBXBuildFile; fileRef = 21BDE2C02A5790590099EEB9 /* StickerListView.swift */; };
		21BDE2C32A57945E0099EEB9 /* StickerView.swift in Sources */ = {isa = PBXBuildFile; fileRef = 21BDE2C22A57945E0099EEB9 /* StickerView.swift */; };
		21CF093A2A57AC37003775D6 /* StickerColourSelectView.swift in Sources */ = {isa = PBXBuildFile; fileRef = 21CF09392A57AC37003775D6 /* StickerColourSelectView.swift */; };
		21CF093D2A57AFC4003775D6 /* Sticker.swift in Sources */ = {isa = PBXBuildFile; fileRef = 21CF093C2A57AFC4003775D6 /* Sticker.swift */; };
		21CF09402A57B0B9003775D6 /* StickerStore.swift in Sources */ = {isa = PBXBuildFile; fileRef = 21CF093F2A57B0B9003775D6 /* StickerStore.swift */; };
/* End PBXBuildFile section */

/* Begin PBXFileReference section */
		217DE74F2A579FA200A32F9B /* StickerAddView.swift */ = {isa = PBXFileReference; lastKnownFileType = sourcecode.swift; path = StickerAddView.swift; sourceTree = "<group>"; };
		21BDE2AF2A5790250099EEB9 /* Stickers.app */ = {isa = PBXFileReference; explicitFileType = wrapper.application; includeInIndex = 0; path = Stickers.app; sourceTree = BUILT_PRODUCTS_DIR; };
		21BDE2B22A5790250099EEB9 /* StickersApp.swift */ = {isa = PBXFileReference; lastKnownFileType = sourcecode.swift; path = StickersApp.swift; sourceTree = "<group>"; };
		21BDE2B42A5790250099EEB9 /* ContentView.swift */ = {isa = PBXFileReference; lastKnownFileType = sourcecode.swift; path = ContentView.swift; sourceTree = "<group>"; };
		21BDE2B62A5790260099EEB9 /* Assets.xcassets */ = {isa = PBXFileReference; lastKnownFileType = folder.assetcatalog; path = Assets.xcassets; sourceTree = "<group>"; };
		21BDE2B92A5790260099EEB9 /* Preview Assets.xcassets */ = {isa = PBXFileReference; lastKnownFileType = folder.assetcatalog; path = "Preview Assets.xcassets"; sourceTree = "<group>"; };
		21BDE2C02A5790590099EEB9 /* StickerListView.swift */ = {isa = PBXFileReference; lastKnownFileType = sourcecode.swift; path = StickerListView.swift; sourceTree = "<group>"; };
		21BDE2C22A57945E0099EEB9 /* StickerView.swift */ = {isa = PBXFileReference; lastKnownFileType = sourcecode.swift; path = StickerView.swift; sourceTree = "<group>"; };
		21CF09392A57AC37003775D6 /* StickerColourSelectView.swift */ = {isa = PBXFileReference; lastKnownFileType = sourcecode.swift; path = StickerColourSelectView.swift; sourceTree = "<group>"; };
		21CF093C2A57AFC4003775D6 /* Sticker.swift */ = {isa = PBXFileReference; lastKnownFileType = sourcecode.swift; path = Sticker.swift; sourceTree = "<group>"; };
		21CF093F2A57B0B9003775D6 /* StickerStore.swift */ = {isa = PBXFileReference; lastKnownFileType = sourcecode.swift; path = StickerStore.swift; sourceTree = "<group>"; };
/* End PBXFileReference section */

/* Begin PBXFrameworksBuildPhase section */
		21BDE2AC2A5790250099EEB9 /* Frameworks */ = {
			isa = PBXFrameworksBuildPhase;
			buildActionMask = 2147483647;
			files = (
			);
			runOnlyForDeploymentPostprocessing = 0;
		};
/* End PBXFrameworksBuildPhase section */

/* Begin PBXGroup section */
		21BDE2A62A5790250099EEB9 = {
			isa = PBXGroup;
			children = (
				21BDE2B12A5790250099EEB9 /* Stickers */,
				21BDE2B02A5790250099EEB9 /* Products */,
			);
			sourceTree = "<group>";
		};
		21BDE2B02A5790250099EEB9 /* Products */ = {
			isa = PBXGroup;
			children = (
				21BDE2AF2A5790250099EEB9 /* Stickers.app */,
			);
			name = Products;
			sourceTree = "<group>";
		};
		21BDE2B12A5790250099EEB9 /* Stickers */ = {
			isa = PBXGroup;
			children = (
				21BDE2B22A5790250099EEB9 /* StickersApp.swift */,
				21CF093E2A57B03F003775D6 /* Model */,
				21CF093B2A57AC45003775D6 /* Views */,
				21BDE2B62A5790260099EEB9 /* Assets.xcassets */,
				21BDE2B82A5790260099EEB9 /* Preview Content */,
			);
			path = Stickers;
			sourceTree = "<group>";
		};
		21BDE2B82A5790260099EEB9 /* Preview Content */ = {
			isa = PBXGroup;
			children = (
				21BDE2B92A5790260099EEB9 /* Preview Assets.xcassets */,
			);
			path = "Preview Content";
			sourceTree = "<group>";
		};
		21CF093B2A57AC45003775D6 /* Views */ = {
			isa = PBXGroup;
			children = (
				21BDE2B42A5790250099EEB9 /* ContentView.swift */,
				21BDE2C22A57945E0099EEB9 /* StickerView.swift */,
				21BDE2C02A5790590099EEB9 /* StickerListView.swift */,
				217DE74F2A579FA200A32F9B /* StickerAddView.swift */,
				21CF09392A57AC37003775D6 /* StickerColourSelectView.swift */,
			);
			path = Views;
			sourceTree = "<group>";
		};
		21CF093E2A57B03F003775D6 /* Model */ = {
			isa = PBXGroup;
			children = (
				21CF093C2A57AFC4003775D6 /* Sticker.swift */,
				21CF093F2A57B0B9003775D6 /* StickerStore.swift */,
			);
			path = Model;
			sourceTree = "<group>";
		};
/* End PBXGroup section */

/* Begin PBXNativeTarget section */
		21BDE2AE2A5790250099EEB9 /* Stickers */ = {
			isa = PBXNativeTarget;
			buildConfigurationList = 21BDE2BD2A5790260099EEB9 /* Build configuration list for PBXNativeTarget "Stickers" */;
			buildPhases = (
				21BDE2AB2A5790250099EEB9 /* Sources */,
				21BDE2AC2A5790250099EEB9 /* Frameworks */,
				21BDE2AD2A5790250099EEB9 /* Resources */,
			);
			buildRules = (
			);
			dependencies = (
			);
			name = Stickers;
			productName = Stickers;
			productReference = 21BDE2AF2A5790250099EEB9 /* Stickers.app */;
			productType = "com.apple.product-type.application";
		};
/* End PBXNativeTarget section */

/* Begin PBXProject section */
		21BDE2A72A5790250099EEB9 /* Project object */ = {
			isa = PBXProject;
			attributes = {
				BuildIndependentTargetsInParallel = 1;
				LastSwiftUpdateCheck = 1430;
				LastUpgradeCheck = 1430;
				TargetAttributes = {
					21BDE2AE2A5790250099EEB9 = {
						CreatedOnToolsVersion = 14.3.1;
					};
				};
			};
			buildConfigurationList = 21BDE2AA2A5790250099EEB9 /* Build configuration list for PBXProject "Stickers" */;
			compatibilityVersion = "Xcode 14.0";
			developmentRegion = en;
			hasScannedForEncodings = 0;
			knownRegions = (
				en,
				Base,
			);
			mainGroup = 21BDE2A62A5790250099EEB9;
			productRefGroup = 21BDE2B02A5790250099EEB9 /* Products */;
			projectDirPath = "";
			projectRoot = "";
			targets = (
				21BDE2AE2A5790250099EEB9 /* Stickers */,
			);
		};
/* End PBXProject section */

/* Begin PBXResourcesBuildPhase section */
		21BDE2AD2A5790250099EEB9 /* Resources */ = {
			isa = PBXResourcesBuildPhase;
			buildActionMask = 2147483647;
			files = (
				21BDE2BA2A5790260099EEB9 /* Preview Assets.xcassets in Resources */,
				21BDE2B72A5790260099EEB9 /* Assets.xcassets in Resources */,
			);
			runOnlyForDeploymentPostprocessing = 0;
		};
/* End PBXResourcesBuildPhase section */

/* Begin PBXSourcesBuildPhase section */
		21BDE2AB2A5790250099EEB9 /* Sources */ = {
			isa = PBXSourcesBuildPhase;
			buildActionMask = 2147483647;
			files = (
				21BDE2C32A57945E0099EEB9 /* StickerView.swift in Sources */,
				21BDE2B52A5790250099EEB9 /* ContentView.swift in Sources */,
				21CF093A2A57AC37003775D6 /* StickerColourSelectView.swift in Sources */,
				217DE7502A579FA200A32F9B /* StickerAddView.swift in Sources */,
				21BDE2B32A5790250099EEB9 /* StickersApp.swift in Sources */,
				21CF093D2A57AFC4003775D6 /* Sticker.swift in Sources */,
				21BDE2C12A5790590099EEB9 /* StickerListView.swift in Sources */,
				21CF09402A57B0B9003775D6 /* StickerStore.swift in Sources */,
			);
			runOnlyForDeploymentPostprocessing = 0;
		};
/* End PBXSourcesBuildPhase section */

/* Begin XCBuildConfiguration section */
		21BDE2BB2A5790260099EEB9 /* Debug */ = {
			isa = XCBuildConfiguration;
			buildSettings = {
				ALWAYS_SEARCH_USER_PATHS = NO;
				CLANG_ANALYZER_NONNULL = YES;
				CLANG_ANALYZER_NUMBER_OBJECT_CONVERSION = YES_AGGRESSIVE;
				CLANG_CXX_LANGUAGE_STANDARD = "gnu++20";
				CLANG_ENABLE_MODULES = YES;
				CLANG_ENABLE_OBJC_ARC = YES;
				CLANG_ENABLE_OBJC_WEAK = YES;
				CLANG_WARN_BLOCK_CAPTURE_AUTORELEASING = YES;
				CLANG_WARN_BOOL_CONVERSION = YES;
				CLANG_WARN_COMMA = YES;
				CLANG_WARN_CONSTANT_CONVERSION = YES;
				CLANG_WARN_DEPRECATED_OBJC_IMPLEMENTATIONS = YES;
				CLANG_WARN_DIRECT_OBJC_ISA_USAGE = YES_ERROR;
				CLANG_WARN_DOCUMENTATION_COMMENTS = YES;
				CLANG_WARN_EMPTY_BODY = YES;
				CLANG_WARN_ENUM_CONVERSION = YES;
				CLANG_WARN_INFINITE_RECURSION = YES;
				CLANG_WARN_INT_CONVERSION = YES;
				CLANG_WARN_NON_LITERAL_NULL_CONVERSION = YES;
				CLANG_WARN_OBJC_IMPLICIT_RETAIN_SELF = YES;
				CLANG_WARN_OBJC_LITERAL_CONVERSION = YES;
				CLANG_WARN_OBJC_ROOT_CLASS = YES_ERROR;
				CLANG_WARN_QUOTED_INCLUDE_IN_FRAMEWORK_HEADER = YES;
				CLANG_WARN_RANGE_LOOP_ANALYSIS = YES;
				CLANG_WARN_STRICT_PROTOTYPES = YES;
				CLANG_WARN_SUSPICIOUS_MOVE = YES;
				CLANG_WARN_UNGUARDED_AVAILABILITY = YES_AGGRESSIVE;
				CLANG_WARN_UNREACHABLE_CODE = YES;
				CLANG_WARN__DUPLICATE_METHOD_MATCH = YES;
				COPY_PHASE_STRIP = NO;
				DEBUG_INFORMATION_FORMAT = dwarf;
				ENABLE_STRICT_OBJC_MSGSEND = YES;
				ENABLE_TESTABILITY = YES;
				GCC_C_LANGUAGE_STANDARD = gnu11;
				GCC_DYNAMIC_NO_PIC = NO;
				GCC_NO_COMMON_BLOCKS = YES;
				GCC_OPTIMIZATION_LEVEL = 0;
				GCC_PREPROCESSOR_DEFINITIONS = (
					"DEBUG=1",
					"$(inherited)",
				);
				GCC_WARN_64_TO_32_BIT_CONVERSION = YES;
				GCC_WARN_ABOUT_RETURN_TYPE = YES_ERROR;
				GCC_WARN_UNDECLARED_SELECTOR = YES;
				GCC_WARN_UNINITIALIZED_AUTOS = YES_AGGRESSIVE;
				GCC_WARN_UNUSED_FUNCTION = YES;
				GCC_WARN_UNUSED_VARIABLE = YES;
				IPHONEOS_DEPLOYMENT_TARGET = 16.4;
				MTL_ENABLE_DEBUG_INFO = INCLUDE_SOURCE;
				MTL_FAST_MATH = YES;
				ONLY_ACTIVE_ARCH = YES;
				SDKROOT = iphoneos;
				SWIFT_ACTIVE_COMPILATION_CONDITIONS = DEBUG;
				SWIFT_OPTIMIZATION_LEVEL = "-Onone";
			};
			name = Debug;
		};
		21BDE2BC2A5790260099EEB9 /* Release */ = {
			isa = XCBuildConfiguration;
			buildSettings = {
				ALWAYS_SEARCH_USER_PATHS = NO;
				CLANG_ANALYZER_NONNULL = YES;
				CLANG_ANALYZER_NUMBER_OBJECT_CONVERSION = YES_AGGRESSIVE;
				CLANG_CXX_LANGUAGE_STANDARD = "gnu++20";
				CLANG_ENABLE_MODULES = YES;
				CLANG_ENABLE_OBJC_ARC = YES;
				CLANG_ENABLE_OBJC_WEAK = YES;
				CLANG_WARN_BLOCK_CAPTURE_AUTORELEASING = YES;
				CLANG_WARN_BOOL_CONVERSION = YES;
				CLANG_WARN_COMMA = YES;
				CLANG_WARN_CONSTANT_CONVERSION = YES;
				CLANG_WARN_DEPRECATED_OBJC_IMPLEMENTATIONS = YES;
				CLANG_WARN_DIRECT_OBJC_ISA_USAGE = YES_ERROR;
				CLANG_WARN_DOCUMENTATION_COMMENTS = YES;
				CLANG_WARN_EMPTY_BODY = YES;
				CLANG_WARN_ENUM_CONVERSION = YES;
				CLANG_WARN_INFINITE_RECURSION = YES;
				CLANG_WARN_INT_CONVERSION = YES;
				CLANG_WARN_NON_LITERAL_NULL_CONVERSION = YES;
				CLANG_WARN_OBJC_IMPLICIT_RETAIN_SELF = YES;
				CLANG_WARN_OBJC_LITERAL_CONVERSION = YES;
				CLANG_WARN_OBJC_ROOT_CLASS = YES_ERROR;
				CLANG_WARN_QUOTED_INCLUDE_IN_FRAMEWORK_HEADER = YES;
				CLANG_WARN_RANGE_LOOP_ANALYSIS = YES;
				CLANG_WARN_STRICT_PROTOTYPES = YES;
				CLANG_WARN_SUSPICIOUS_MOVE = YES;
				CLANG_WARN_UNGUARDED_AVAILABILITY = YES_AGGRESSIVE;
				CLANG_WARN_UNREACHABLE_CODE = YES;
				CLANG_WARN__DUPLICATE_METHOD_MATCH = YES;
				COPY_PHASE_STRIP = NO;
				DEBUG_INFORMATION_FORMAT = "dwarf-with-dsym";
				ENABLE_NS_ASSERTIONS = NO;
				ENABLE_STRICT_OBJC_MSGSEND = YES;
				GCC_C_LANGUAGE_STANDARD = gnu11;
				GCC_NO_COMMON_BLOCKS = YES;
				GCC_WARN_64_TO_32_BIT_CONVERSION = YES;
				GCC_WARN_ABOUT_RETURN_TYPE = YES_ERROR;
				GCC_WARN_UNDECLARED_SELECTOR = YES;
				GCC_WARN_UNINITIALIZED_AUTOS = YES_AGGRESSIVE;
				GCC_WARN_UNUSED_FUNCTION = YES;
				GCC_WARN_UNUSED_VARIABLE = YES;
				IPHONEOS_DEPLOYMENT_TARGET = 16.4;
				MTL_ENABLE_DEBUG_INFO = NO;
				MTL_FAST_MATH = YES;
				SDKROOT = iphoneos;
				SWIFT_COMPILATION_MODE = wholemodule;
				SWIFT_OPTIMIZATION_LEVEL = "-O";
				VALIDATE_PRODUCT = YES;
			};
			name = Release;
		};
		21BDE2BE2A5790260099EEB9 /* Debug */ = {
			isa = XCBuildConfiguration;
			buildSettings = {
				ASSETCATALOG_COMPILER_APPICON_NAME = AppIcon;
				ASSETCATALOG_COMPILER_GLOBAL_ACCENT_COLOR_NAME = AccentColor;
				CODE_SIGN_STYLE = Automatic;
				CURRENT_PROJECT_VERSION = 1;
				DEVELOPMENT_ASSET_PATHS = "\"Stickers/Preview Content\"";
				DEVELOPMENT_TEAM = RVG95USG2A;
				ENABLE_PREVIEWS = YES;
				GENERATE_INFOPLIST_FILE = YES;
				INFOPLIST_KEY_UIApplicationSceneManifest_Generation = YES;
				INFOPLIST_KEY_UIApplicationSupportsIndirectInputEvents = YES;
				INFOPLIST_KEY_UILaunchScreen_Generation = YES;
				INFOPLIST_KEY_UISupportedInterfaceOrientations_iPad = "UIInterfaceOrientationPortrait UIInterfaceOrientationPortraitUpsideDown UIInterfaceOrientationLandscapeLeft UIInterfaceOrientationLandscapeRight";
				INFOPLIST_KEY_UISupportedInterfaceOrientations_iPhone = "UIInterfaceOrientationPortrait UIInterfaceOrientationLandscapeLeft UIInterfaceOrientationLandscapeRight";
				LD_RUNPATH_SEARCH_PATHS = (
					"$(inherited)",
					"@executable_path/Frameworks",
				);
				MARKETING_VERSION = 1.0;
				PRODUCT_BUNDLE_IDENTIFIER = com.seolahchloe.Stickers;
				PRODUCT_NAME = "$(TARGET_NAME)";
				SWIFT_EMIT_LOC_STRINGS = YES;
				SWIFT_VERSION = 5.0;
				TARGETED_DEVICE_FAMILY = "1,2";
			};
			name = Debug;
		};
		21BDE2BF2A5790260099EEB9 /* Release */ = {
			isa = XCBuildConfiguration;
			buildSettings = {
				ASSETCATALOG_COMPILER_APPICON_NAME = AppIcon;
				ASSETCATALOG_COMPILER_GLOBAL_ACCENT_COLOR_NAME = AccentColor;
				CODE_SIGN_STYLE = Automatic;
				CURRENT_PROJECT_VERSION = 1;
				DEVELOPMENT_ASSET_PATHS = "\"Stickers/Preview Content\"";
				DEVELOPMENT_TEAM = RVG95USG2A;
				ENABLE_PREVIEWS = YES;
				GENERATE_INFOPLIST_FILE = YES;
				INFOPLIST_KEY_UIApplicationSceneManifest_Generation = YES;
				INFOPLIST_KEY_UIApplicationSupportsIndirectInputEvents = YES;
				INFOPLIST_KEY_UILaunchScreen_Generation = YES;
				INFOPLIST_KEY_UISupportedInterfaceOrientations_iPad = "UIInterfaceOrientationPortrait UIInterfaceOrientationPortraitUpsideDown UIInterfaceOrientationLandscapeLeft UIInterfaceOrientationLandscapeRight";
				INFOPLIST_KEY_UISupportedInterfaceOrientations_iPhone = "UIInterfaceOrientationPortrait UIInterfaceOrientationLandscapeLeft UIInterfaceOrientationLandscapeRight";
				LD_RUNPATH_SEARCH_PATHS = (
					"$(inherited)",
					"@executable_path/Frameworks",
				);
				MARKETING_VERSION = 1.0;
				PRODUCT_BUNDLE_IDENTIFIER = com.seolahchloe.Stickers;
				PRODUCT_NAME = "$(TARGET_NAME)";
				SWIFT_EMIT_LOC_STRINGS = YES;
				SWIFT_VERSION = 5.0;
				TARGETED_DEVICE_FAMILY = "1,2";
			};
			name = Release;
		};
/* End XCBuildConfiguration section */

/* Begin XCConfigurationList section */
		21BDE2AA2A5790250099EEB9 /* Build configuration list for PBXProject "Stickers" */ = {
			isa = XCConfigurationList;
			buildConfigurations = (
				21BDE2BB2A5790260099EEB9 /* Debug */,
				21BDE2BC2A5790260099EEB9 /* Release */,
			);
			defaultConfigurationIsVisible = 0;
			defaultConfigurationName = Release;
		};
		21BDE2BD2A5790260099EEB9 /* Build configuration list for PBXNativeTarget "Stickers" */ = {
			isa = XCConfigurationList;
			buildConfigurations = (
				21BDE2BE2A5790260099EEB9 /* Debug */,
				21BDE2BF2A5790260099EEB9 /* Release */,
			);
			defaultConfigurationIsVisible = 0;
			defaultConfigurationName = Release;
		};
/* End XCConfigurationList section */
	};
	rootObject = 21BDE2A72A5790250099EEB9 /* Project object */;
}
