// !$*UTF8*$!
{
	archiveVersion = 1;
	classes = {
	};
	objectVersion = 56;
	objects = {

/* Begin PBXBuildFile section */
		213E587A2A70DC0400BB1372 /* AnimationTransitionApp.swift in Sources */ = {isa = PBXBuildFile; fileRef = 213E58792A70DC0400BB1372 /* AnimationTransitionApp.swift */; };
		213E587C2A70DC0400BB1372 /* ContentView.swift in Sources */ = {isa = PBXBuildFile; fileRef = 213E587B2A70DC0400BB1372 /* ContentView.swift */; };
		213E587E2A70DC0600BB1372 /* Assets.xcassets in Resources */ = {isa = PBXBuildFile; fileRef = 213E587D2A70DC0600BB1372 /* Assets.xcassets */; };
		213E58812A70DC0600BB1372 /* Preview Assets.xcassets in Resources */ = {isa = PBXBuildFile; fileRef = 213E58802A70DC0600BB1372 /* Preview Assets.xcassets */; };
		213E58882A70E4A500BB1372 /* VisibleView.swift in Sources */ = {isa = PBXBuildFile; fileRef = 213E58872A70E4A500BB1372 /* VisibleView.swift */; };
		213E588A2A70E5AA00BB1372 /* AutoAnimationView.swift in Sources */ = {isa = PBXBuildFile; fileRef = 213E58892A70E5AA00BB1372 /* AutoAnimationView.swift */; };
		213E588C2A70E75100BB1372 /* ContentTabView.swift in Sources */ = {isa = PBXBuildFile; fileRef = 213E588B2A70E75100BB1372 /* ContentTabView.swift */; };
		213E588E2A70E78F00BB1372 /* TransitionView.swift in Sources */ = {isa = PBXBuildFile; fileRef = 213E588D2A70E78F00BB1372 /* TransitionView.swift */; };
/* End PBXBuildFile section */

/* Begin PBXFileReference section */
		213E58762A70DC0400BB1372 /* AnimationTransition.app */ = {isa = PBXFileReference; explicitFileType = wrapper.application; includeInIndex = 0; path = AnimationTransition.app; sourceTree = BUILT_PRODUCTS_DIR; };
		213E58792A70DC0400BB1372 /* AnimationTransitionApp.swift */ = {isa = PBXFileReference; lastKnownFileType = sourcecode.swift; path = AnimationTransitionApp.swift; sourceTree = "<group>"; };
		213E587B2A70DC0400BB1372 /* ContentView.swift */ = {isa = PBXFileReference; lastKnownFileType = sourcecode.swift; path = ContentView.swift; sourceTree = "<group>"; };
		213E587D2A70DC0600BB1372 /* Assets.xcassets */ = {isa = PBXFileReference; lastKnownFileType = folder.assetcatalog; path = Assets.xcassets; sourceTree = "<group>"; };
		213E58802A70DC0600BB1372 /* Preview Assets.xcassets */ = {isa = PBXFileReference; lastKnownFileType = folder.assetcatalog; path = "Preview Assets.xcassets"; sourceTree = "<group>"; };
		213E58872A70E4A500BB1372 /* VisibleView.swift */ = {isa = PBXFileReference; lastKnownFileType = sourcecode.swift; path = VisibleView.swift; sourceTree = "<group>"; };
		213E58892A70E5AA00BB1372 /* AutoAnimationView.swift */ = {isa = PBXFileReference; lastKnownFileType = sourcecode.swift; path = AutoAnimationView.swift; sourceTree = "<group>"; };
		213E588B2A70E75100BB1372 /* ContentTabView.swift */ = {isa = PBXFileReference; lastKnownFileType = sourcecode.swift; path = ContentTabView.swift; sourceTree = "<group>"; };
		213E588D2A70E78F00BB1372 /* TransitionView.swift */ = {isa = PBXFileReference; lastKnownFileType = sourcecode.swift; path = TransitionView.swift; sourceTree = "<group>"; };
/* End PBXFileReference section */

/* Begin PBXFrameworksBuildPhase section */
		213E58732A70DC0400BB1372 /* Frameworks */ = {
			isa = PBXFrameworksBuildPhase;
			buildActionMask = 2147483647;
			files = (
			);
			runOnlyForDeploymentPostprocessing = 0;
		};
/* End PBXFrameworksBuildPhase section */

/* Begin PBXGroup section */
		213E586D2A70DC0400BB1372 = {
			isa = PBXGroup;
			children = (
				213E58782A70DC0400BB1372 /* AnimationTransition */,
				213E58772A70DC0400BB1372 /* Products */,
			);
			sourceTree = "<group>";
		};
		213E58772A70DC0400BB1372 /* Products */ = {
			isa = PBXGroup;
			children = (
				213E58762A70DC0400BB1372 /* AnimationTransition.app */,
			);
			name = Products;
			sourceTree = "<group>";
		};
		213E58782A70DC0400BB1372 /* AnimationTransition */ = {
			isa = PBXGroup;
			children = (
				213E58792A70DC0400BB1372 /* AnimationTransitionApp.swift */,
				213E587B2A70DC0400BB1372 /* ContentView.swift */,
				213E588B2A70E75100BB1372 /* ContentTabView.swift */,
				213E58872A70E4A500BB1372 /* VisibleView.swift */,
				213E588D2A70E78F00BB1372 /* TransitionView.swift */,
				213E58892A70E5AA00BB1372 /* AutoAnimationView.swift */,
				213E587D2A70DC0600BB1372 /* Assets.xcassets */,
				213E587F2A70DC0600BB1372 /* Preview Content */,
			);
			path = AnimationTransition;
			sourceTree = "<group>";
		};
		213E587F2A70DC0600BB1372 /* Preview Content */ = {
			isa = PBXGroup;
			children = (
				213E58802A70DC0600BB1372 /* Preview Assets.xcassets */,
			);
			path = "Preview Content";
			sourceTree = "<group>";
		};
/* End PBXGroup section */

/* Begin PBXNativeTarget section */
		213E58752A70DC0400BB1372 /* AnimationTransition */ = {
			isa = PBXNativeTarget;
			buildConfigurationList = 213E58842A70DC0600BB1372 /* Build configuration list for PBXNativeTarget "AnimationTransition" */;
			buildPhases = (
				213E58722A70DC0400BB1372 /* Sources */,
				213E58732A70DC0400BB1372 /* Frameworks */,
				213E58742A70DC0400BB1372 /* Resources */,
			);
			buildRules = (
			);
			dependencies = (
			);
			name = AnimationTransition;
			productName = AnimationTransition;
			productReference = 213E58762A70DC0400BB1372 /* AnimationTransition.app */;
			productType = "com.apple.product-type.application";
		};
/* End PBXNativeTarget section */

/* Begin PBXProject section */
		213E586E2A70DC0400BB1372 /* Project object */ = {
			isa = PBXProject;
			attributes = {
				BuildIndependentTargetsInParallel = 1;
				LastSwiftUpdateCheck = 1430;
				LastUpgradeCheck = 1430;
				TargetAttributes = {
					213E58752A70DC0400BB1372 = {
						CreatedOnToolsVersion = 14.3.1;
					};
				};
			};
			buildConfigurationList = 213E58712A70DC0400BB1372 /* Build configuration list for PBXProject "AnimationTransition" */;
			compatibilityVersion = "Xcode 14.0";
			developmentRegion = en;
			hasScannedForEncodings = 0;
			knownRegions = (
				en,
				Base,
			);
			mainGroup = 213E586D2A70DC0400BB1372;
			productRefGroup = 213E58772A70DC0400BB1372 /* Products */;
			projectDirPath = "";
			projectRoot = "";
			targets = (
				213E58752A70DC0400BB1372 /* AnimationTransition */,
			);
		};
/* End PBXProject section */

/* Begin PBXResourcesBuildPhase section */
		213E58742A70DC0400BB1372 /* Resources */ = {
			isa = PBXResourcesBuildPhase;
			buildActionMask = 2147483647;
			files = (
				213E58812A70DC0600BB1372 /* Preview Assets.xcassets in Resources */,
				213E587E2A70DC0600BB1372 /* Assets.xcassets in Resources */,
			);
			runOnlyForDeploymentPostprocessing = 0;
		};
/* End PBXResourcesBuildPhase section */

/* Begin PBXSourcesBuildPhase section */
		213E58722A70DC0400BB1372 /* Sources */ = {
			isa = PBXSourcesBuildPhase;
			buildActionMask = 2147483647;
			files = (
				213E58882A70E4A500BB1372 /* VisibleView.swift in Sources */,
				213E588C2A70E75100BB1372 /* ContentTabView.swift in Sources */,
				213E587C2A70DC0400BB1372 /* ContentView.swift in Sources */,
				213E588A2A70E5AA00BB1372 /* AutoAnimationView.swift in Sources */,
				213E587A2A70DC0400BB1372 /* AnimationTransitionApp.swift in Sources */,
				213E588E2A70E78F00BB1372 /* TransitionView.swift in Sources */,
			);
			runOnlyForDeploymentPostprocessing = 0;
		};
/* End PBXSourcesBuildPhase section */

/* Begin XCBuildConfiguration section */
		213E58822A70DC0600BB1372 /* Debug */ = {
			isa = XCBuildConfiguration;
			buildSettings = {
				ALWAYS_SEARCH_USER_PATHS = NO;
				CLANG_ANALYZER_NONNULL = YES;
				CLANG_ANALYZER_NUMBER_OBJECT_CONVERSION = YES_AGGRESSIVE;
				CLANG_CXX_LANGUAGE_STANDARD = "gnu++20";
				CLANG_ENABLE_MODULES = YES;
				CLANG_ENABLE_OBJC_ARC = YES;
				CLANG_ENABLE_OBJC_WEAK = YES;
				CLANG_WARN_BLOCK_CAPTURE_AUTORELEASING = YES;
				CLANG_WARN_BOOL_CONVERSION = YES;
				CLANG_WARN_COMMA = YES;
				CLANG_WARN_CONSTANT_CONVERSION = YES;
				CLANG_WARN_DEPRECATED_OBJC_IMPLEMENTATIONS = YES;
				CLANG_WARN_DIRECT_OBJC_ISA_USAGE = YES_ERROR;
				CLANG_WARN_DOCUMENTATION_COMMENTS = YES;
				CLANG_WARN_EMPTY_BODY = YES;
				CLANG_WARN_ENUM_CONVERSION = YES;
				CLANG_WARN_INFINITE_RECURSION = YES;
				CLANG_WARN_INT_CONVERSION = YES;
				CLANG_WARN_NON_LITERAL_NULL_CONVERSION = YES;
				CLANG_WARN_OBJC_IMPLICIT_RETAIN_SELF = YES;
				CLANG_WARN_OBJC_LITERAL_CONVERSION = YES;
				CLANG_WARN_OBJC_ROOT_CLASS = YES_ERROR;
				CLANG_WARN_QUOTED_INCLUDE_IN_FRAMEWORK_HEADER = YES;
				CLANG_WARN_RANGE_LOOP_ANALYSIS = YES;
				CLANG_WARN_STRICT_PROTOTYPES = YES;
				CLANG_WARN_SUSPICIOUS_MOVE = YES;
				CLANG_WARN_UNGUARDED_AVAILABILITY = YES_AGGRESSIVE;
				CLANG_WARN_UNREACHABLE_CODE = YES;
				CLANG_WARN__DUPLICATE_METHOD_MATCH = YES;
				COPY_PHASE_STRIP = NO;
				DEBUG_INFORMATION_FORMAT = dwarf;
				ENABLE_STRICT_OBJC_MSGSEND = YES;
				ENABLE_TESTABILITY = YES;
				GCC_C_LANGUAGE_STANDARD = gnu11;
				GCC_DYNAMIC_NO_PIC = NO;
				GCC_NO_COMMON_BLOCKS = YES;
				GCC_OPTIMIZATION_LEVEL = 0;
				GCC_PREPROCESSOR_DEFINITIONS = (
					"DEBUG=1",
					"$(inherited)",
				);
				GCC_WARN_64_TO_32_BIT_CONVERSION = YES;
				GCC_WARN_ABOUT_RETURN_TYPE = YES_ERROR;
				GCC_WARN_UNDECLARED_SELECTOR = YES;
				GCC_WARN_UNINITIALIZED_AUTOS = YES_AGGRESSIVE;
				GCC_WARN_UNUSED_FUNCTION = YES;
				GCC_WARN_UNUSED_VARIABLE = YES;
				IPHONEOS_DEPLOYMENT_TARGET = 16.4;
				MTL_ENABLE_DEBUG_INFO = INCLUDE_SOURCE;
				MTL_FAST_MATH = YES;
				ONLY_ACTIVE_ARCH = YES;
				SDKROOT = iphoneos;
				SWIFT_ACTIVE_COMPILATION_CONDITIONS = DEBUG;
				SWIFT_OPTIMIZATION_LEVEL = "-Onone";
			};
			name = Debug;
		};
		213E58832A70DC0600BB1372 /* Release */ = {
			isa = XCBuildConfiguration;
			buildSettings = {
				ALWAYS_SEARCH_USER_PATHS = NO;
				CLANG_ANALYZER_NONNULL = YES;
				CLANG_ANALYZER_NUMBER_OBJECT_CONVERSION = YES_AGGRESSIVE;
				CLANG_CXX_LANGUAGE_STANDARD = "gnu++20";
				CLANG_ENABLE_MODULES = YES;
				CLANG_ENABLE_OBJC_ARC = YES;
				CLANG_ENABLE_OBJC_WEAK = YES;
				CLANG_WARN_BLOCK_CAPTURE_AUTORELEASING = YES;
				CLANG_WARN_BOOL_CONVERSION = YES;
				CLANG_WARN_COMMA = YES;
				CLANG_WARN_CONSTANT_CONVERSION = YES;
				CLANG_WARN_DEPRECATED_OBJC_IMPLEMENTATIONS = YES;
				CLANG_WARN_DIRECT_OBJC_ISA_USAGE = YES_ERROR;
				CLANG_WARN_DOCUMENTATION_COMMENTS = YES;
				CLANG_WARN_EMPTY_BODY = YES;
				CLANG_WARN_ENUM_CONVERSION = YES;
				CLANG_WARN_INFINITE_RECURSION = YES;
				CLANG_WARN_INT_CONVERSION = YES;
				CLANG_WARN_NON_LITERAL_NULL_CONVERSION = YES;
				CLANG_WARN_OBJC_IMPLICIT_RETAIN_SELF = YES;
				CLANG_WARN_OBJC_LITERAL_CONVERSION = YES;
				CLANG_WARN_OBJC_ROOT_CLASS = YES_ERROR;
				CLANG_WARN_QUOTED_INCLUDE_IN_FRAMEWORK_HEADER = YES;
				CLANG_WARN_RANGE_LOOP_ANALYSIS = YES;
				CLANG_WARN_STRICT_PROTOTYPES = YES;
				CLANG_WARN_SUSPICIOUS_MOVE = YES;
				CLANG_WARN_UNGUARDED_AVAILABILITY = YES_AGGRESSIVE;
				CLANG_WARN_UNREACHABLE_CODE = YES;
				CLANG_WARN__DUPLICATE_METHOD_MATCH = YES;
				COPY_PHASE_STRIP = NO;
				DEBUG_INFORMATION_FORMAT = "dwarf-with-dsym";
				ENABLE_NS_ASSERTIONS = NO;
				ENABLE_STRICT_OBJC_MSGSEND = YES;
				GCC_C_LANGUAGE_STANDARD = gnu11;
				GCC_NO_COMMON_BLOCKS = YES;
				GCC_WARN_64_TO_32_BIT_CONVERSION = YES;
				GCC_WARN_ABOUT_RETURN_TYPE = YES_ERROR;
				GCC_WARN_UNDECLARED_SELECTOR = YES;
				GCC_WARN_UNINITIALIZED_AUTOS = YES_AGGRESSIVE;
				GCC_WARN_UNUSED_FUNCTION = YES;
				GCC_WARN_UNUSED_VARIABLE = YES;
				IPHONEOS_DEPLOYMENT_TARGET = 16.4;
				MTL_ENABLE_DEBUG_INFO = NO;
				MTL_FAST_MATH = YES;
				SDKROOT = iphoneos;
				SWIFT_COMPILATION_MODE = wholemodule;
				SWIFT_OPTIMIZATION_LEVEL = "-O";
				VALIDATE_PRODUCT = YES;
			};
			name = Release;
		};
		213E58852A70DC0600BB1372 /* Debug */ = {
			isa = XCBuildConfiguration;
			buildSettings = {
				ASSETCATALOG_COMPILER_APPICON_NAME = AppIcon;
				ASSETCATALOG_COMPILER_GLOBAL_ACCENT_COLOR_NAME = AccentColor;
				CODE_SIGN_STYLE = Automatic;
				CURRENT_PROJECT_VERSION = 1;
				DEVELOPMENT_ASSET_PATHS = "\"AnimationTransition/Preview Content\"";
				DEVELOPMENT_TEAM = RVG95USG2A;
				ENABLE_PREVIEWS = YES;
				GENERATE_INFOPLIST_FILE = YES;
				INFOPLIST_KEY_UIApplicationSceneManifest_Generation = YES;
				INFOPLIST_KEY_UIApplicationSupportsIndirectInputEvents = YES;
				INFOPLIST_KEY_UILaunchScreen_Generation = YES;
				INFOPLIST_KEY_UISupportedInterfaceOrientations_iPad = "UIInterfaceOrientationPortrait UIInterfaceOrientationPortraitUpsideDown UIInterfaceOrientationLandscapeLeft UIInterfaceOrientationLandscapeRight";
				INFOPLIST_KEY_UISupportedInterfaceOrientations_iPhone = "UIInterfaceOrientationPortrait UIInterfaceOrientationLandscapeLeft UIInterfaceOrientationLandscapeRight";
				LD_RUNPATH_SEARCH_PATHS = (
					"$(inherited)",
					"@executable_path/Frameworks",
				);
				MARKETING_VERSION = 1.0;
				PRODUCT_BUNDLE_IDENTIFIER = com.seolahchloe.AnimationTransition;
				PRODUCT_NAME = "$(TARGET_NAME)";
				SWIFT_EMIT_LOC_STRINGS = YES;
				SWIFT_VERSION = 5.0;
				TARGETED_DEVICE_FAMILY = "1,2";
			};
			name = Debug;
		};
		213E58862A70DC0600BB1372 /* Release */ = {
			isa = XCBuildConfiguration;
			buildSettings = {
				ASSETCATALOG_COMPILER_APPICON_NAME = AppIcon;
				ASSETCATALOG_COMPILER_GLOBAL_ACCENT_COLOR_NAME = AccentColor;
				CODE_SIGN_STYLE = Automatic;
				CURRENT_PROJECT_VERSION = 1;
				DEVELOPMENT_ASSET_PATHS = "\"AnimationTransition/Preview Content\"";
				DEVELOPMENT_TEAM = RVG95USG2A;
				ENABLE_PREVIEWS = YES;
				GENERATE_INFOPLIST_FILE = YES;
				INFOPLIST_KEY_UIApplicationSceneManifest_Generation = YES;
				INFOPLIST_KEY_UIApplicationSupportsIndirectInputEvents = YES;
				INFOPLIST_KEY_UILaunchScreen_Generation = YES;
				INFOPLIST_KEY_UISupportedInterfaceOrientations_iPad = "UIInterfaceOrientationPortrait UIInterfaceOrientationPortraitUpsideDown UIInterfaceOrientationLandscapeLeft UIInterfaceOrientationLandscapeRight";
				INFOPLIST_KEY_UISupportedInterfaceOrientations_iPhone = "UIInterfaceOrientationPortrait UIInterfaceOrientationLandscapeLeft UIInterfaceOrientationLandscapeRight";
				LD_RUNPATH_SEARCH_PATHS = (
					"$(inherited)",
					"@executable_path/Frameworks",
				);
				MARKETING_VERSION = 1.0;
				PRODUCT_BUNDLE_IDENTIFIER = com.seolahchloe.AnimationTransition;
				PRODUCT_NAME = "$(TARGET_NAME)";
				SWIFT_EMIT_LOC_STRINGS = YES;
				SWIFT_VERSION = 5.0;
				TARGETED_DEVICE_FAMILY = "1,2";
			};
			name = Release;
		};
/* End XCBuildConfiguration section */

/* Begin XCConfigurationList section */
		213E58712A70DC0400BB1372 /* Build configuration list for PBXProject "AnimationTransition" */ = {
			isa = XCConfigurationList;
			buildConfigurations = (
				213E58822A70DC0600BB1372 /* Debug */,
				213E58832A70DC0600BB1372 /* Release */,
			);
			defaultConfigurationIsVisible = 0;
			defaultConfigurationName = Release;
		};
		213E58842A70DC0600BB1372 /* Build configuration list for PBXNativeTarget "AnimationTransition" */ = {
			isa = XCConfigurationList;
			buildConfigurations = (
				213E58852A70DC0600BB1372 /* Debug */,
				213E58862A70DC0600BB1372 /* Release */,
			);
			defaultConfigurationIsVisible = 0;
			defaultConfigurationName = Release;
		};
/* End XCConfigurationList section */
	};
	rootObject = 213E586E2A70DC0400BB1372 /* Project object */;
}
